PODS:
  - AVOSCloud (11.4.7)
  - AVOSCloudIM (11.4.7):
    - AVOSCloud (= 11.4.7)
    - AVOSCloudIM/_ARC (= 11.4.7)
    - AVOSCloudIM/_NOARC (= 11.4.7)
  - AVOSCloudIM/_ARC (11.4.7):
    - AVOSCloud (= 11.4.7)
    - AVOSCloudIM/_NOARC (= 11.4.7)
  - AVOSCloudIM/_NOARC (11.4.7):
    - AVOSCloud (= 11.4.7)
  - JAnalytics (1.2.1):
    - JCore (~> 1.2.0)
  - JCore (1.2.5)
  - JPush (3.1.1.1):
    - JCore (~> 1.2.5)

DEPENDENCIES:
  - AVOSCloud
  - AVOSCloudIM
  - JAnalytics
  - JPush

SPEC REPOS:
  https://github.com/cocoapods/specs.git:
    - AVOSCloud
    - AVOSCloudIM
    - JAnalytics
    - JCore
    - JPush

SPEC CHECKSUMS:
  AVOSCloud: e1257f9a7c28e04ae8642d554a37654e8392d1b7
  AVOSCloudIM: 5456179b251be8dead13eebabcbbfa6931cc4e1b
  JAnalytics: a65f716b383ad470aacd63a7af1984746cc3e06f
  JCore: 14706de2640b25fb77dbd02332696491407f37c9
  JPush: 25dd9013fbe106082c14f9f30a82364ee98852fb

PODFILE CHECKSUM: ff5cb14f1bfc693b9b32b6de6254a6366ad16634

COCOAPODS: 1.5.3
